{
  "object": {
    "pins": [
      {
        "package": "Coercion",
        "repositoryURL": "https://github.com/elegantchaos/Coercion.git",
        "state": {
          "branch": null,
          "revision": "48c10b63d462701967aec5de4772199d7c3812b7",
          "version": "1.0.2"
        }
      }
    ]
  },
  "version": 1
}
